// !$*UTF8*$!
{
	archiveVersion = 1;
	classes = {
	};
	objectVersion = 46;
	objects = {

/* Begin PBXBuildFile section */
		1714D0D915183B90003BEEDC /* AppDelegate.m in Sources */ = {isa = PBXBuildFile; fileRef = 1714D0D615183B90003BEEDC /* AppDelegate.m */; };
		1714D0E415183C3A003BEEDC /* main.m in Sources */ = {isa = PBXBuildFile; fileRef = 1714D0E315183C3A003BEEDC /* main.m */; };
		1714D0FC15188265003BEEDC /* QuartzCore.framework in Frameworks */ = {isa = PBXBuildFile; fileRef = 1714D0FB15188264003BEEDC /* QuartzCore.framework */; };
		17240F551516F4E4003A5214 /* UIKit.framework in Frameworks */ = {isa = PBXBuildFile; fileRef = 17240F541516F4E4003A5214 /* UIKit.framework */; };
		17240F571516F4E4003A5214 /* Foundation.framework in Frameworks */ = {isa = PBXBuildFile; fileRef = 17240F561516F4E4003A5214 /* Foundation.framework */; };
		17240F591516F4E4003A5214 /* CoreGraphics.framework in Frameworks */ = {isa = PBXBuildFile; fileRef = 17240F581516F4E4003A5214 /* CoreGraphics.framework */; };
		17240F5B1516F4E4003A5214 /* CoreData.framework in Frameworks */ = {isa = PBXBuildFile; fileRef = 17240F5A1516F4E4003A5214 /* CoreData.framework */; };
		17240F611516F4E4003A5214 /* InfoPlist.strings in Resources */ = {isa = PBXBuildFile; fileRef = 17240F5F1516F4E4003A5214 /* InfoPlist.strings */; };
		17851A6115170A16002D2641 /* RootViewController.m in Sources */ = {isa = PBXBuildFile; fileRef = 17851A6015170A16002D2641 /* RootViewController.m */; };
		25803812170ECFED00DAE24A /* Default-568h@2x.png in Resources */ = {isa = PBXBuildFile; fileRef = 25803811170ECFED00DAE24A /* Default-568h@2x.png */; };
		25803816170ED07800DAE24A /* LPLayer.m in Sources */ = {isa = PBXBuildFile; fileRef = 25803815170ED07800DAE24A /* LPLayer.m */; };
/* End PBXBuildFile section */

/* Begin PBXFileReference section */
		1714D0D515183B90003BEEDC /* AppDelegate.h */ = {isa = PBXFileReference; fileEncoding = 4; lastKnownFileType = sourcecode.c.h; name = AppDelegate.h; path = AppDelegateAndModel/AppDelegate.h; sourceTree = "<group>"; };
		1714D0D615183B90003BEEDC /* AppDelegate.m */ = {isa = PBXFileReference; fileEncoding = 4; lastKnownFileType = sourcecode.c.objc; name = AppDelegate.m; path = AppDelegateAndModel/AppDelegate.m; sourceTree = "<group>"; };
		1714D0E015183C04003BEEDC /* LayerProgramming-Info.plist */ = {isa = PBXFileReference; fileEncoding = 4; lastKnownFileType = text.plist.xml; path = "LayerProgramming-Info.plist"; sourceTree = "<group>"; };
		1714D0E215183C3A003BEEDC /* LayerProgramming-Prefix.pch */ = {isa = PBXFileReference; fileEncoding = 4; lastKnownFileType = sourcecode.c.h; path = "LayerProgramming-Prefix.pch"; sourceTree = "<group>"; };
		1714D0E315183C3A003BEEDC /* main.m */ = {isa = PBXFileReference; fileEncoding = 4; lastKnownFileType = sourcecode.c.objc; path = main.m; sourceTree = "<group>"; };
		1714D0FB15188264003BEEDC /* QuartzCore.framework */ = {isa = PBXFileReference; lastKnownFileType = wrapper.framework; name = QuartzCore.framework; path = System/Library/Frameworks/QuartzCore.framework; sourceTree = SDKROOT; };
		17240F501516F4E4003A5214 /* LayerProgramming.app */ = {isa = PBXFileReference; explicitFileType = wrapper.application; includeInIndex = 0; path = LayerProgramming.app; sourceTree = BUILT_PRODUCTS_DIR; };
		17240F541516F4E4003A5214 /* UIKit.framework */ = {isa = PBXFileReference; lastKnownFileType = wrapper.framework; name = UIKit.framework; path = System/Library/Frameworks/UIKit.framework; sourceTree = SDKROOT; };
		17240F561516F4E4003A5214 /* Foundation.framework */ = {isa = PBXFileReference; lastKnownFileType = wrapper.framework; name = Foundation.framework; path = System/Library/Frameworks/Foundation.framework; sourceTree = SDKROOT; };
		17240F581516F4E4003A5214 /* CoreGraphics.framework */ = {isa = PBXFileReference; lastKnownFileType = wrapper.framework; name = CoreGraphics.framework; path = System/Library/Frameworks/CoreGraphics.framework; sourceTree = SDKROOT; };
		17240F5A1516F4E4003A5214 /* CoreData.framework */ = {isa = PBXFileReference; lastKnownFileType = wrapper.framework; name = CoreData.framework; path = System/Library/Frameworks/CoreData.framework; sourceTree = SDKROOT; };
		17240F601516F4E4003A5214 /* en */ = {isa = PBXFileReference; lastKnownFileType = text.plist.strings; name = en; path = en.lproj/InfoPlist.strings; sourceTree = "<group>"; };
		17851A5F15170A16002D2641 /* RootViewController.h */ = {isa = PBXFileReference; fileEncoding = 4; lastKnownFileType = sourcecode.c.h; name = RootViewController.h; path = Controllers/RootViewController.h; sourceTree = "<group>"; };
		17851A6015170A16002D2641 /* RootViewController.m */ = {isa = PBXFileReference; fileEncoding = 4; lastKnownFileType = sourcecode.c.objc; name = RootViewController.m; path = Controllers/RootViewController.m; sourceTree = "<group>"; };
		25803811170ECFED00DAE24A /* Default-568h@2x.png */ = {isa = PBXFileReference; lastKnownFileType = image.png; path = "Default-568h@2x.png"; sourceTree = "<group>"; };
		25803814170ED07800DAE24A /* LPLayer.h */ = {isa = PBXFileReference; fileEncoding = 4; lastKnownFileType = sourcecode.c.h; name = LPLayer.h; path = ViewsAndLayers/LPLayer.h; sourceTree = "<group>"; };
		25803815170ED07800DAE24A /* LPLayer.m */ = {isa = PBXFileReference; fileEncoding = 4; lastKnownFileType = sourcecode.c.objc; name = LPLayer.m; path = ViewsAndLayers/LPLayer.m; sourceTree = "<group>"; };
/* End PBXFileReference section */

/* Begin PBXFrameworksBuildPhase section */
		17240F4D1516F4E4003A5214 /* Frameworks */ = {
			isa = PBXFrameworksBuildPhase;
			buildActionMask = 2147483647;
			files = (
				1714D0FC15188265003BEEDC /* QuartzCore.framework in Frameworks */,
				17240F551516F4E4003A5214 /* UIKit.framework in Frameworks */,
				17240F571516F4E4003A5214 /* Foundation.framework in Frameworks */,
				17240F591516F4E4003A5214 /* CoreGraphics.framework in Frameworks */,
				17240F5B1516F4E4003A5214 /* CoreData.framework in Frameworks */,
			);
			runOnlyForDeploymentPostprocessing = 0;
		};
/* End PBXFrameworksBuildPhase section */

/* Begin PBXGroup section */
		1714D0D315183B35003BEEDC /* AppDelegateAndModel */ = {
			isa = PBXGroup;
			children = (
				1714D0D515183B90003BEEDC /* AppDelegate.h */,
				1714D0D615183B90003BEEDC /* AppDelegate.m */,
			);
			name = AppDelegateAndModel;
			sourceTree = "<group>";
		};
		17240F451516F4E4003A5214 = {
			isa = PBXGroup;
			children = (
				25803811170ECFED00DAE24A /* Default-568h@2x.png */,
				17240F5C1516F4E4003A5214 /* LayerProgramming */,
				17240F531516F4E4003A5214 /* Frameworks */,
				17240F511516F4E4003A5214 /* Products */,
			);
			sourceTree = "<group>";
		};
		17240F511516F4E4003A5214 /* Products */ = {
			isa = PBXGroup;
			children = (
				17240F501516F4E4003A5214 /* LayerProgramming.app */,
			);
			name = Products;
			sourceTree = "<group>";
		};
		17240F531516F4E4003A5214 /* Frameworks */ = {
			isa = PBXGroup;
			children = (
				1714D0FB15188264003BEEDC /* QuartzCore.framework */,
				17240F541516F4E4003A5214 /* UIKit.framework */,
				17240F561516F4E4003A5214 /* Foundation.framework */,
				17240F581516F4E4003A5214 /* CoreGraphics.framework */,
				17240F5A1516F4E4003A5214 /* CoreData.framework */,
			);
			name = Frameworks;
			sourceTree = "<group>";
		};
		17240F5C1516F4E4003A5214 /* LayerProgramming */ = {
			isa = PBXGroup;
			children = (
				1714D0D315183B35003BEEDC /* AppDelegateAndModel */,
				17851A5D151709BA002D2641 /* Controllers */,
				25803813170ED03700DAE24A /* ViewsAndLayers */,
				17240F5D1516F4E4003A5214 /* Supporting Files */,
			);
			path = LayerProgramming;
			sourceTree = "<group>";
		};
		17240F5D1516F4E4003A5214 /* Supporting Files */ = {
			isa = PBXGroup;
			children = (
				1714D0E215183C3A003BEEDC /* LayerProgramming-Prefix.pch */,
				1714D0E315183C3A003BEEDC /* main.m */,
				1714D0E015183C04003BEEDC /* LayerProgramming-Info.plist */,
				17240F5F1516F4E4003A5214 /* InfoPlist.strings */,
			);
			name = "Supporting Files";
			sourceTree = "<group>";
		};
		17851A5D151709BA002D2641 /* Controllers */ = {
			isa = PBXGroup;
			children = (
				17851A5F15170A16002D2641 /* RootViewController.h */,
				17851A6015170A16002D2641 /* RootViewController.m */,
			);
			name = Controllers;
			sourceTree = "<group>";
		};
		25803813170ED03700DAE24A /* ViewsAndLayers */ = {
			isa = PBXGroup;
			children = (
				25803814170ED07800DAE24A /* LPLayer.h */,
				25803815170ED07800DAE24A /* LPLayer.m */,
			);
			name = ViewsAndLayers;
			sourceTree = "<group>";
		};
/* End PBXGroup section */

/* Begin PBXNativeTarget section */
		17240F4F1516F4E4003A5214 /* LayerProgramming */ = {
			isa = PBXNativeTarget;
			buildConfigurationList = 17240F6D1516F4E4003A5214 /* Build configuration list for PBXNativeTarget "LayerProgramming" */;
			buildPhases = (
				17240F4C1516F4E4003A5214 /* Sources */,
				17240F4D1516F4E4003A5214 /* Frameworks */,
				17240F4E1516F4E4003A5214 /* Resources */,
			);
			buildRules = (
			);
			dependencies = (
			);
			name = LayerProgramming;
			productName = LayerProgramming;
			productReference = 17240F501516F4E4003A5214 /* LayerProgramming.app */;
			productType = "com.apple.product-type.application";
		};
/* End PBXNativeTarget section */

/* Begin PBXProject section */
		17240F471516F4E4003A5214 /* Project object */ = {
			isa = PBXProject;
			attributes = {
				LastUpgradeCheck = 0420;
			};
			buildConfigurationList = 17240F4A1516F4E4003A5214 /* Build configuration list for PBXProject "LayerProgramming" */;
			compatibilityVersion = "Xcode 3.2";
			developmentRegion = English;
			hasScannedForEncodings = 0;
			knownRegions = (
				en,
			);
			mainGroup = 17240F451516F4E4003A5214;
			productRefGroup = 17240F511516F4E4003A5214 /* Products */;
			projectDirPath = "";
			projectRoot = "";
			targets = (
				17240F4F1516F4E4003A5214 /* LayerProgramming */,
			);
		};
/* End PBXProject section */

/* Begin PBXResourcesBuildPhase section */
		17240F4E1516F4E4003A5214 /* Resources */ = {
			isa = PBXResourcesBuildPhase;
			buildActionMask = 2147483647;
			files = (
				17240F611516F4E4003A5214 /* InfoPlist.strings in Resources */,
				25803812170ECFED00DAE24A /* Default-568h@2x.png in Resources */,
			);
			runOnlyForDeploymentPostprocessing = 0;
		};
/* End PBXResourcesBuildPhase section */

/* Begin PBXSourcesBuildPhase section */
		17240F4C1516F4E4003A5214 /* Sources */ = {
			isa = PBXSourcesBuildPhase;
			buildActionMask = 2147483647;
			files = (
				17851A6115170A16002D2641 /* RootViewController.m in Sources */,
				1714D0D915183B90003BEEDC /* AppDelegate.m in Sources */,
				1714D0E415183C3A003BEEDC /* main.m in Sources */,
				25803816170ED07800DAE24A /* LPLayer.m in Sources */,
			);
			runOnlyForDeploymentPostprocessing = 0;
		};
/* End PBXSourcesBuildPhase section */

/* Begin PBXVariantGroup section */
		17240F5F1516F4E4003A5214 /* InfoPlist.strings */ = {
			isa = PBXVariantGroup;
			children = (
				17240F601516F4E4003A5214 /* en */,
			);
			name = InfoPlist.strings;
			sourceTree = "<group>";
		};
/* End PBXVariantGroup section */

/* Begin XCBuildConfiguration section */
		17240F6B1516F4E4003A5214 /* Debug */ = {
			isa = XCBuildConfiguration;
			buildSettings = {
				ALWAYS_SEARCH_USER_PATHS = NO;
				ARCHS = "$(ARCHS_STANDARD_32_BIT)";
				"CODE_SIGN_IDENTITY[sdk=iphoneos*]" = "iPhone Developer";
				COPY_PHASE_STRIP = NO;
				GCC_C_LANGUAGE_STANDARD = gnu99;
				GCC_DYNAMIC_NO_PIC = NO;
				GCC_OPTIMIZATION_LEVEL = 0;
				GCC_PREPROCESSOR_DEFINITIONS = (
					"DEBUG=1",
					"$(inherited)",
				);
				GCC_SYMBOLS_PRIVATE_EXTERN = NO;
				GCC_VERSION = com.apple.compilers.llvm.clang.1_0;
				GCC_WARN_ABOUT_MISSING_PROTOTYPES = YES;
				GCC_WARN_ABOUT_RETURN_TYPE = YES;
				GCC_WARN_UNUSED_VARIABLE = YES;
				IPHONEOS_DEPLOYMENT_TARGET = 5.0;
				SDKROOT = iphoneos;
				TARGETED_DEVICE_FAMILY = "1,2";
			};
			name = Debug;
		};
		17240F6C1516F4E4003A5214 /* Release */ = {
			isa = XCBuildConfiguration;
			buildSettings = {
				ALWAYS_SEARCH_USER_PATHS = NO;
				ARCHS = "$(ARCHS_STANDARD_32_BIT)";
				"CODE_SIGN_IDENTITY[sdk=iphoneos*]" = "iPhone Developer";
				COPY_PHASE_STRIP = YES;
				GCC_C_LANGUAGE_STANDARD = gnu99;
				GCC_VERSION = com.apple.compilers.llvm.clang.1_0;
				GCC_WARN_ABOUT_MISSING_PROTOTYPES = YES;
				GCC_WARN_ABOUT_RETURN_TYPE = YES;
				GCC_WARN_UNUSED_VARIABLE = YES;
				IPHONEOS_DEPLOYMENT_TARGET = 5.0;
				OTHER_CFLAGS = "-DNS_BLOCK_ASSERTIONS=1";
				SDKROOT = iphoneos;
				TARGETED_DEVICE_FAMILY = "1,2";
				VALIDATE_PRODUCT = YES;
			};
			name = Release;
		};
		17240F6E1516F4E4003A5214 /* Debug */ = {
			isa = XCBuildConfiguration;
			buildSettings = {
				GCC_PRECOMPILE_PREFIX_HEADER = YES;
				GCC_PREFIX_HEADER = "LayerProgramming/LayerProgramming-Prefix.pch";
				INFOPLIST_FILE = "LayerProgramming/LayerProgramming-Info.plist";
				IPHONEOS_DEPLOYMENT_TARGET = 4.0;
				PRODUCT_NAME = "$(TARGET_NAME)";
				TARGETED_DEVICE_FAMILY = "1,2";
				WRAPPER_EXTENSION = app;
			};
			name = Debug;
		};
		17240F6F1516F4E4003A5214 /* Release */ = {
			isa = XCBuildConfiguration;
			buildSettings = {
				GCC_PRECOMPILE_PREFIX_HEADER = YES;
				GCC_PREFIX_HEADER = "LayerProgramming/LayerProgramming-Prefix.pch";
				INFOPLIST_FILE = "LayerProgramming/LayerProgramming-Info.plist";
				IPHONEOS_DEPLOYMENT_TARGET = 4.0;
				PRODUCT_NAME = "$(TARGET_NAME)";
				TARGETED_DEVICE_FAMILY = "1,2";
				WRAPPER_EXTENSION = app;
			};
			name = Release;
		};
/* End XCBuildConfiguration section */

/* Begin XCConfigurationList section */
		17240F4A1516F4E4003A5214 /* Build configuration list for PBXProject "LayerProgramming" */ = {
			isa = XCConfigurationList;
			buildConfigurations = (
				17240F6B1516F4E4003A5214 /* Debug */,
				17240F6C1516F4E4003A5214 /* Release */,
			);
			defaultConfigurationIsVisible = 0;
			defaultConfigurationName = Release;
		};
		17240F6D1516F4E4003A5214 /* Build configuration list for PBXNativeTarget "LayerProgramming" */ = {
			isa = XCConfigurationList;
			buildConfigurations = (
				17240F6E1516F4E4003A5214 /* Debug */,
				17240F6F1516F4E4003A5214 /* Release */,
			);
			defaultConfigurationIsVisible = 0;
			defaultConfigurationName = Release;
		};
/* End XCConfigurationList section */
	};
	rootObject = 17240F471516F4E4003A5214 /* Project object */;
}
